
Microsoft Visual Studio Solution File, Format Version 12.00
# Visual Studio 15
VisualStudioVersion = 15.0.27703.2026
MinimumVisualStudioVersion = 10.0.40219.1
Project("{FAE04EC0-301F-11D3-BF4B-00C04F79EFBC}") = "RouletteGame", "RouletteGame\RouletteGame.csproj", "{3D148D09-E247-4910-84A0-05C3E45CA41A}"
EndProject
Project("{FAE04EC0-301F-11D3-BF4B-00C04F79EFBC}") = "UnitTestProject1", "UnitTestProject1\UnitTestProject1.csproj", "{89B235DB-D372-42AD-ADA8-51CADF1A6608}"
EndProject
Global
	GlobalSection(SolutionConfigurationPlatforms) = preSolution
		Debug|Any CPU = Debug|Any CPU
		Release|Any CPU = Release|Any CPU
	EndGlobalSection
	GlobalSection(ProjectConfigurationPlatforms) = postSolution
		{3D148D09-E247-4910-84A0-05C3E45CA41A}.Debug|Any CPU.ActiveCfg = Debug|Any CPU
		{3D148D09-E247-4910-84A0-05C3E45CA41A}.Debug|Any CPU.Build.0 = Debug|Any CPU
		{3D148D09-E247-4910-84A0-05C3E45CA41A}.Release|Any CPU.ActiveCfg = Release|Any CPU
		{3D148D09-E247-4910-84A0-05C3E45CA41A}.Release|Any CPU.Build.0 = Release|Any CPU
		{89B235DB-D372-42AD-ADA8-51CADF1A6608}.Debug|Any CPU.ActiveCfg = Debug|Any CPU
		{89B235DB-D372-42AD-ADA8-51CADF1A6608}.Debug|Any CPU.Build.0 = Debug|Any CPU
		{89B235DB-D372-42AD-ADA8-51CADF1A6608}.Release|Any CPU.ActiveCfg = Release|Any CPU
		{89B235DB-D372-42AD-ADA8-51CADF1A6608}.Release|Any CPU.Build.0 = Release|Any CPU
	EndGlobalSection
	GlobalSection(SolutionProperties) = preSolution
		HideSolutionNode = FALSE
	EndGlobalSection
	GlobalSection(ExtensibilityGlobals) = postSolution
		SolutionGuid = {AA286717-A2DD-447A-88F2-AF40AC9E8776}
	EndGlobalSection
EndGlobal
